// !$*UTF8*$!
{
	archiveVersion = 1;
	classes = {
	};
	objectVersion = 77;
	objects = {

/* Begin PBXBuildFile section */
		ABD35C9C2CEC002B000BABD6 /* CartItemView.swift in Sources */ = {isa = PBXBuildFile; fileRef = ABD35C932CEC002B000BABD6 /* CartItemView.swift */; };
		ABD35C9D2CEC002B000BABD6 /* CartView.swift in Sources */ = {isa = PBXBuildFile; fileRef = ABD35C942CEC002B000BABD6 /* CartView.swift */; };
		ABD35C9E2CEC002B000BABD6 /* ButtonView.swift in Sources */ = {isa = PBXBuildFile; fileRef = ABD35C962CEC002B000BABD6 /* ButtonView.swift */; };
		ABD35C9F2CEC002B000BABD6 /* MainHeaderView.swift in Sources */ = {isa = PBXBuildFile; fileRef = ABD35C972CEC002B000BABD6 /* MainHeaderView.swift */; };
		ABD35CA02CEC002B000BABD6 /* MenuView.swift in Sources */ = {isa = PBXBuildFile; fileRef = ABD35C982CEC002B000BABD6 /* MenuView.swift */; };
		ABD35CA12CEC002B000BABD6 /* ProductItemView.swift in Sources */ = {isa = PBXBuildFile; fileRef = ABD35C992CEC002B000BABD6 /* ProductItemView.swift */; };
		ABD35D462CEC034A000BABD6 /* CartHeaderView.swift in Sources */ = {isa = PBXBuildFile; fileRef = ABD35D452CEC034A000BABD6 /* CartHeaderView.swift */; };
/* End PBXBuildFile section */

/* Begin PBXContainerItemProxy section */
		AB17359D2CBB4AF0002E3B24 /* PBXContainerItemProxy */ = {
			isa = PBXContainerItemProxy;
			containerPortal = AB1735842CBB4AEE002E3B24 /* Project object */;
			proxyType = 1;
			remoteGlobalIDString = AB17358B2CBB4AEE002E3B24;
			remoteInfo = FMProductList;
		};
		AB1735A72CBB4AF0002E3B24 /* PBXContainerItemProxy */ = {
			isa = PBXContainerItemProxy;
			containerPortal = AB1735842CBB4AEE002E3B24 /* Project object */;
			proxyType = 1;
			remoteGlobalIDString = AB17358B2CBB4AEE002E3B24;
			remoteInfo = FMProductList;
		};
/* End PBXContainerItemProxy section */

/* Begin PBXFileReference section */
		AB17358C2CBB4AEF002E3B24 /* FMProductList.app */ = {isa = PBXFileReference; explicitFileType = wrapper.application; includeInIndex = 0; path = FMProductList.app; sourceTree = BUILT_PRODUCTS_DIR; };
		AB17359C2CBB4AF0002E3B24 /* FMProductListTests.xctest */ = {isa = PBXFileReference; explicitFileType = wrapper.cfbundle; includeInIndex = 0; path = FMProductListTests.xctest; sourceTree = BUILT_PRODUCTS_DIR; };
		AB1735A62CBB4AF0002E3B24 /* FMProductListUITests.xctest */ = {isa = PBXFileReference; explicitFileType = wrapper.cfbundle; includeInIndex = 0; path = FMProductListUITests.xctest; sourceTree = BUILT_PRODUCTS_DIR; };
		ABD35C932CEC002B000BABD6 /* CartItemView.swift */ = {isa = PBXFileReference; lastKnownFileType = sourcecode.swift; path = CartItemView.swift; sourceTree = "<group>"; };
		ABD35C942CEC002B000BABD6 /* CartView.swift */ = {isa = PBXFileReference; lastKnownFileType = sourcecode.swift; path = CartView.swift; sourceTree = "<group>"; };
		ABD35C962CEC002B000BABD6 /* ButtonView.swift */ = {isa = PBXFileReference; lastKnownFileType = sourcecode.swift; path = ButtonView.swift; sourceTree = "<group>"; };
		ABD35C972CEC002B000BABD6 /* MainHeaderView.swift */ = {isa = PBXFileReference; lastKnownFileType = sourcecode.swift; path = MainHeaderView.swift; sourceTree = "<group>"; };
		ABD35C982CEC002B000BABD6 /* MenuView.swift */ = {isa = PBXFileReference; lastKnownFileType = sourcecode.swift; path = MenuView.swift; sourceTree = "<group>"; };
		ABD35C992CEC002B000BABD6 /* ProductItemView.swift */ = {isa = PBXFileReference; lastKnownFileType = sourcecode.swift; path = ProductItemView.swift; sourceTree = "<group>"; };
		ABD35D452CEC034A000BABD6 /* CartHeaderView.swift */ = {isa = PBXFileReference; lastKnownFileType = sourcecode.swift; path = CartHeaderView.swift; sourceTree = "<group>"; };
/* End PBXFileReference section */

/* Begin PBXFileSystemSynchronizedBuildFileExceptionSet section */
		AB1735D82CBB4E95002E3B24 /* Exceptions for "FMProductList" folder in "FMProductList" target */ = {
			isa = PBXFileSystemSynchronizedBuildFileExceptionSet;
			membershipExceptions = (
				Info.plist,
			);
			target = AB17358B2CBB4AEE002E3B24 /* FMProductList */;
		};
/* End PBXFileSystemSynchronizedBuildFileExceptionSet section */

/* Begin PBXFileSystemSynchronizedRootGroup section */
		AB17358E2CBB4AEF002E3B24 /* FMProductList */ = {
			isa = PBXFileSystemSynchronizedRootGroup;
			exceptions = (
				AB1735D82CBB4E95002E3B24 /* Exceptions for "FMProductList" folder in "FMProductList" target */,
			);
			path = FMProductList;
			sourceTree = "<group>";
		};
		AB17359F2CBB4AF0002E3B24 /* FMProductListTests */ = {
			isa = PBXFileSystemSynchronizedRootGroup;
			path = FMProductListTests;
			sourceTree = "<group>";
		};
		AB1735A92CBB4AF0002E3B24 /* FMProductListUITests */ = {
			isa = PBXFileSystemSynchronizedRootGroup;
			path = FMProductListUITests;
			sourceTree = "<group>";
		};
		AB1735BF2CBB4B78002E3B24 /* Model */ = {
			isa = PBXFileSystemSynchronizedRootGroup;
			path = Model;
			sourceTree = "<group>";
		};
		AB1735C22CBB4B9B002E3B24 /* HelperFiles */ = {
			isa = PBXFileSystemSynchronizedRootGroup;
			path = HelperFiles;
			sourceTree = "<group>";
		};
		AB1735C42CBB4BB2002E3B24 /* ViewModel */ = {
			isa = PBXFileSystemSynchronizedRootGroup;
			path = ViewModel;
			sourceTree = "<group>";
		};
		AB4F39962CBC2D4C0009690E /* fonts */ = {
			isa = PBXFileSystemSynchronizedRootGroup;
			path = fonts;
			sourceTree = "<group>";
		};
		ABF056F02CC591C300134915 /* images */ = {
			isa = PBXFileSystemSynchronizedRootGroup;
			path = images;
			sourceTree = "<group>";
		};
/* End PBXFileSystemSynchronizedRootGroup section */

/* Begin PBXFrameworksBuildPhase section */
		AB1735892CBB4AEE002E3B24 /* Frameworks */ = {
			isa = PBXFrameworksBuildPhase;
			buildActionMask = 2147483647;
			files = (
			);
			runOnlyForDeploymentPostprocessing = 0;
		};
		AB1735992CBB4AF0002E3B24 /* Frameworks */ = {
			isa = PBXFrameworksBuildPhase;
			buildActionMask = 2147483647;
			files = (
			);
			runOnlyForDeploymentPostprocessing = 0;
		};
		AB1735A32CBB4AF0002E3B24 /* Frameworks */ = {
			isa = PBXFrameworksBuildPhase;
			buildActionMask = 2147483647;
			files = (
			);
			runOnlyForDeploymentPostprocessing = 0;
		};
/* End PBXFrameworksBuildPhase section */

/* Begin PBXGroup section */
		AB1735832CBB4AEE002E3B24 = {
			isa = PBXGroup;
			children = (
				AB17358E2CBB4AEF002E3B24 /* FMProductList */,
				AB1735BF2CBB4B78002E3B24 /* Model */,
				ABD35C9B2CEC002B000BABD6 /* View */,
				AB1735C42CBB4BB2002E3B24 /* ViewModel */,
				AB1735C22CBB4B9B002E3B24 /* HelperFiles */,
				ABF056F02CC591C300134915 /* images */,
				AB4F39962CBC2D4C0009690E /* fonts */,
				AB17359F2CBB4AF0002E3B24 /* FMProductListTests */,
				AB1735A92CBB4AF0002E3B24 /* FMProductListUITests */,
				AB17358D2CBB4AEF002E3B24 /* Products */,
			);
			sourceTree = "<group>";
		};
		AB17358D2CBB4AEF002E3B24 /* Products */ = {
			isa = PBXGroup;
			children = (
				AB17358C2CBB4AEF002E3B24 /* FMProductList.app */,
				AB17359C2CBB4AF0002E3B24 /* FMProductListTests.xctest */,
				AB1735A62CBB4AF0002E3B24 /* FMProductListUITests.xctest */,
			);
			name = Products;
			sourceTree = "<group>";
		};
		ABD35C952CEC002B000BABD6 /* CartScreen */ = {
			isa = PBXGroup;
			children = (
				ABD35C942CEC002B000BABD6 /* CartView.swift */,
				ABD35D452CEC034A000BABD6 /* CartHeaderView.swift */,
				ABD35C932CEC002B000BABD6 /* CartItemView.swift */,
			);
			path = CartScreen;
			sourceTree = "<group>";
		};
		ABD35C9A2CEC002B000BABD6 /* MenuScreen */ = {
			isa = PBXGroup;
			children = (
				ABD35C982CEC002B000BABD6 /* MenuView.swift */,
				ABD35C972CEC002B000BABD6 /* MainHeaderView.swift */,
				ABD35C992CEC002B000BABD6 /* ProductItemView.swift */,
				ABD35C962CEC002B000BABD6 /* ButtonView.swift */,
			);
			path = MenuScreen;
			sourceTree = "<group>";
		};
		ABD35C9B2CEC002B000BABD6 /* View */ = {
			isa = PBXGroup;
			children = (
				ABD35C9A2CEC002B000BABD6 /* MenuScreen */,
				ABD35C952CEC002B000BABD6 /* CartScreen */,
			);
			path = View;
			sourceTree = "<group>";
		};
/* End PBXGroup section */

/* Begin PBXNativeTarget section */
		AB17358B2CBB4AEE002E3B24 /* FMProductList */ = {
			isa = PBXNativeTarget;
			buildConfigurationList = AB1735B02CBB4AF0002E3B24 /* Build configuration list for PBXNativeTarget "FMProductList" */;
			buildPhases = (
				AB1735882CBB4AEE002E3B24 /* Sources */,
				AB1735892CBB4AEE002E3B24 /* Frameworks */,
				AB17358A2CBB4AEE002E3B24 /* Resources */,
			);
			buildRules = (
			);
			dependencies = (
			);
			fileSystemSynchronizedGroups = (
				AB17358E2CBB4AEF002E3B24 /* FMProductList */,
				AB1735BF2CBB4B78002E3B24 /* Model */,
				AB1735C22CBB4B9B002E3B24 /* HelperFiles */,
				AB1735C42CBB4BB2002E3B24 /* ViewModel */,
				AB4F39962CBC2D4C0009690E /* fonts */,
				ABF056F02CC591C300134915 /* images */,
			);
			name = FMProductList;
			packageProductDependencies = (
			);
			productName = FMProductList;
			productReference = AB17358C2CBB4AEF002E3B24 /* FMProductList.app */;
			productType = "com.apple.product-type.application";
		};
		AB17359B2CBB4AF0002E3B24 /* FMProductListTests */ = {
			isa = PBXNativeTarget;
			buildConfigurationList = AB1735B32CBB4AF0002E3B24 /* Build configuration list for PBXNativeTarget "FMProductListTests" */;
			buildPhases = (
				AB1735982CBB4AF0002E3B24 /* Sources */,
				AB1735992CBB4AF0002E3B24 /* Frameworks */,
				AB17359A2CBB4AF0002E3B24 /* Resources */,
			);
			buildRules = (
			);
			dependencies = (
				AB17359E2CBB4AF0002E3B24 /* PBXTargetDependency */,
			);
			fileSystemSynchronizedGroups = (
				AB17359F2CBB4AF0002E3B24 /* FMProductListTests */,
			);
			name = FMProductListTests;
			packageProductDependencies = (
			);
			productName = FMProductListTests;
			productReference = AB17359C2CBB4AF0002E3B24 /* FMProductListTests.xctest */;
			productType = "com.apple.product-type.bundle.unit-test";
		};
		AB1735A52CBB4AF0002E3B24 /* FMProductListUITests */ = {
			isa = PBXNativeTarget;
			buildConfigurationList = AB1735B62CBB4AF0002E3B24 /* Build configuration list for PBXNativeTarget "FMProductListUITests" */;
			buildPhases = (
				AB1735A22CBB4AF0002E3B24 /* Sources */,
				AB1735A32CBB4AF0002E3B24 /* Frameworks */,
				AB1735A42CBB4AF0002E3B24 /* Resources */,
			);
			buildRules = (
			);
			dependencies = (
				AB1735A82CBB4AF0002E3B24 /* PBXTargetDependency */,
			);
			fileSystemSynchronizedGroups = (
				AB1735A92CBB4AF0002E3B24 /* FMProductListUITests */,
			);
			name = FMProductListUITests;
			packageProductDependencies = (
			);
			productName = FMProductListUITests;
			productReference = AB1735A62CBB4AF0002E3B24 /* FMProductListUITests.xctest */;
			productType = "com.apple.product-type.bundle.ui-testing";
		};
/* End PBXNativeTarget section */

/* Begin PBXProject section */
		AB1735842CBB4AEE002E3B24 /* Project object */ = {
			isa = PBXProject;
			attributes = {
				BuildIndependentTargetsInParallel = 1;
				LastSwiftUpdateCheck = 1600;
				LastUpgradeCheck = 1600;
				TargetAttributes = {
					AB17358B2CBB4AEE002E3B24 = {
						CreatedOnToolsVersion = 16.0;
					};
					AB17359B2CBB4AF0002E3B24 = {
						CreatedOnToolsVersion = 16.0;
						TestTargetID = AB17358B2CBB4AEE002E3B24;
					};
					AB1735A52CBB4AF0002E3B24 = {
						CreatedOnToolsVersion = 16.0;
						TestTargetID = AB17358B2CBB4AEE002E3B24;
					};
				};
			};
			buildConfigurationList = AB1735872CBB4AEE002E3B24 /* Build configuration list for PBXProject "FMProductList" */;
			developmentRegion = en;
			hasScannedForEncodings = 0;
			knownRegions = (
				en,
				Base,
			);
			mainGroup = AB1735832CBB4AEE002E3B24;
			minimizedProjectReferenceProxies = 1;
			preferredProjectObjectVersion = 77;
			productRefGroup = AB17358D2CBB4AEF002E3B24 /* Products */;
			projectDirPath = "";
			projectRoot = "";
			targets = (
				AB17358B2CBB4AEE002E3B24 /* FMProductList */,
				AB17359B2CBB4AF0002E3B24 /* FMProductListTests */,
				AB1735A52CBB4AF0002E3B24 /* FMProductListUITests */,
			);
		};
/* End PBXProject section */

/* Begin PBXResourcesBuildPhase section */
		AB17358A2CBB4AEE002E3B24 /* Resources */ = {
			isa = PBXResourcesBuildPhase;
			buildActionMask = 2147483647;
			files = (
			);
			runOnlyForDeploymentPostprocessing = 0;
		};
		AB17359A2CBB4AF0002E3B24 /* Resources */ = {
			isa = PBXResourcesBuildPhase;
			buildActionMask = 2147483647;
			files = (
			);
			runOnlyForDeploymentPostprocessing = 0;
		};
		AB1735A42CBB4AF0002E3B24 /* Resources */ = {
			isa = PBXResourcesBuildPhase;
			buildActionMask = 2147483647;
			files = (
			);
			runOnlyForDeploymentPostprocessing = 0;
		};
/* End PBXResourcesBuildPhase section */

/* Begin PBXSourcesBuildPhase section */
		AB1735882CBB4AEE002E3B24 /* Sources */ = {
			isa = PBXSourcesBuildPhase;
			buildActionMask = 2147483647;
			files = (
				ABD35C9C2CEC002B000BABD6 /* CartItemView.swift in Sources */,
				ABD35C9D2CEC002B000BABD6 /* CartView.swift in Sources */,
				ABD35C9E2CEC002B000BABD6 /* ButtonView.swift in Sources */,
				ABD35C9F2CEC002B000BABD6 /* MainHeaderView.swift in Sources */,
				ABD35D462CEC034A000BABD6 /* CartHeaderView.swift in Sources */,
				ABD35CA02CEC002B000BABD6 /* MenuView.swift in Sources */,
				ABD35CA12CEC002B000BABD6 /* ProductItemView.swift in Sources */,
			);
			runOnlyForDeploymentPostprocessing = 0;
		};
		AB1735982CBB4AF0002E3B24 /* Sources */ = {
			isa = PBXSourcesBuildPhase;
			buildActionMask = 2147483647;
			files = (
			);
			runOnlyForDeploymentPostprocessing = 0;
		};
		AB1735A22CBB4AF0002E3B24 /* Sources */ = {
			isa = PBXSourcesBuildPhase;
			buildActionMask = 2147483647;
			files = (
			);
			runOnlyForDeploymentPostprocessing = 0;
		};
/* End PBXSourcesBuildPhase section */

/* Begin PBXTargetDependency section */
		AB17359E2CBB4AF0002E3B24 /* PBXTargetDependency */ = {
			isa = PBXTargetDependency;
			target = AB17358B2CBB4AEE002E3B24 /* FMProductList */;
			targetProxy = AB17359D2CBB4AF0002E3B24 /* PBXContainerItemProxy */;
		};
		AB1735A82CBB4AF0002E3B24 /* PBXTargetDependency */ = {
			isa = PBXTargetDependency;
			target = AB17358B2CBB4AEE002E3B24 /* FMProductList */;
			targetProxy = AB1735A72CBB4AF0002E3B24 /* PBXContainerItemProxy */;
		};
/* End PBXTargetDependency section */

/* Begin XCBuildConfiguration section */
		AB1735AE2CBB4AF0002E3B24 /* Debug */ = {
			isa = XCBuildConfiguration;
			buildSettings = {
				ALWAYS_SEARCH_USER_PATHS = NO;
				ASSETCATALOG_COMPILER_GENERATE_SWIFT_ASSET_SYMBOL_EXTENSIONS = YES;
				CLANG_ANALYZER_NONNULL = YES;
				CLANG_ANALYZER_NUMBER_OBJECT_CONVERSION = YES_AGGRESSIVE;
				CLANG_CXX_LANGUAGE_STANDARD = "gnu++20";
				CLANG_ENABLE_MODULES = YES;
				CLANG_ENABLE_OBJC_ARC = YES;
				CLANG_ENABLE_OBJC_WEAK = YES;
				CLANG_WARN_BLOCK_CAPTURE_AUTORELEASING = YES;
				CLANG_WARN_BOOL_CONVERSION = YES;
				CLANG_WARN_COMMA = YES;
				CLANG_WARN_CONSTANT_CONVERSION = YES;
				CLANG_WARN_DEPRECATED_OBJC_IMPLEMENTATIONS = YES;
				CLANG_WARN_DIRECT_OBJC_ISA_USAGE = YES_ERROR;
				CLANG_WARN_DOCUMENTATION_COMMENTS = YES;
				CLANG_WARN_EMPTY_BODY = YES;
				CLANG_WARN_ENUM_CONVERSION = YES;
				CLANG_WARN_INFINITE_RECURSION = YES;
				CLANG_WARN_INT_CONVERSION = YES;
				CLANG_WARN_NON_LITERAL_NULL_CONVERSION = YES;
				CLANG_WARN_OBJC_IMPLICIT_RETAIN_SELF = YES;
				CLANG_WARN_OBJC_LITERAL_CONVERSION = YES;
				CLANG_WARN_OBJC_ROOT_CLASS = YES_ERROR;
				CLANG_WARN_QUOTED_INCLUDE_IN_FRAMEWORK_HEADER = YES;
				CLANG_WARN_RANGE_LOOP_ANALYSIS = YES;
				CLANG_WARN_STRICT_PROTOTYPES = YES;
				CLANG_WARN_SUSPICIOUS_MOVE = YES;
				CLANG_WARN_UNGUARDED_AVAILABILITY = YES_AGGRESSIVE;
				CLANG_WARN_UNREACHABLE_CODE = YES;
				CLANG_WARN__DUPLICATE_METHOD_MATCH = YES;
				COPY_PHASE_STRIP = NO;
				DEBUG_INFORMATION_FORMAT = dwarf;
				ENABLE_STRICT_OBJC_MSGSEND = YES;
				ENABLE_TESTABILITY = YES;
				ENABLE_USER_SCRIPT_SANDBOXING = YES;
				GCC_C_LANGUAGE_STANDARD = gnu17;
				GCC_DYNAMIC_NO_PIC = NO;
				GCC_NO_COMMON_BLOCKS = YES;
				GCC_OPTIMIZATION_LEVEL = 0;
				GCC_PREPROCESSOR_DEFINITIONS = (
					"DEBUG=1",
					"$(inherited)",
				);
				GCC_WARN_64_TO_32_BIT_CONVERSION = YES;
				GCC_WARN_ABOUT_RETURN_TYPE = YES_ERROR;
				GCC_WARN_UNDECLARED_SELECTOR = YES;
				GCC_WARN_UNINITIALIZED_AUTOS = YES_AGGRESSIVE;
				GCC_WARN_UNUSED_FUNCTION = YES;
				GCC_WARN_UNUSED_VARIABLE = YES;
				IPHONEOS_DEPLOYMENT_TARGET = 18.0;
				LOCALIZATION_PREFERS_STRING_CATALOGS = YES;
				MTL_ENABLE_DEBUG_INFO = INCLUDE_SOURCE;
				MTL_FAST_MATH = YES;
				ONLY_ACTIVE_ARCH = YES;
				SDKROOT = iphoneos;
				SWIFT_ACTIVE_COMPILATION_CONDITIONS = "DEBUG $(inherited)";
				SWIFT_OPTIMIZATION_LEVEL = "-Onone";
			};
			name = Debug;
		};
		AB1735AF2CBB4AF0002E3B24 /* Release */ = {
			isa = XCBuildConfiguration;
			buildSettings = {
				ALWAYS_SEARCH_USER_PATHS = NO;
				ASSETCATALOG_COMPILER_GENERATE_SWIFT_ASSET_SYMBOL_EXTENSIONS = YES;
				CLANG_ANALYZER_NONNULL = YES;
				CLANG_ANALYZER_NUMBER_OBJECT_CONVERSION = YES_AGGRESSIVE;
				CLANG_CXX_LANGUAGE_STANDARD = "gnu++20";
				CLANG_ENABLE_MODULES = YES;
				CLANG_ENABLE_OBJC_ARC = YES;
				CLANG_ENABLE_OBJC_WEAK = YES;
				CLANG_WARN_BLOCK_CAPTURE_AUTORELEASING = YES;
				CLANG_WARN_BOOL_CONVERSION = YES;
				CLANG_WARN_COMMA = YES;
				CLANG_WARN_CONSTANT_CONVERSION = YES;
				CLANG_WARN_DEPRECATED_OBJC_IMPLEMENTATIONS = YES;
				CLANG_WARN_DIRECT_OBJC_ISA_USAGE = YES_ERROR;
				CLANG_WARN_DOCUMENTATION_COMMENTS = YES;
				CLANG_WARN_EMPTY_BODY = YES;
				CLANG_WARN_ENUM_CONVERSION = YES;
				CLANG_WARN_INFINITE_RECURSION = YES;
				CLANG_WARN_INT_CONVERSION = YES;
				CLANG_WARN_NON_LITERAL_NULL_CONVERSION = YES;
				CLANG_WARN_OBJC_IMPLICIT_RETAIN_SELF = YES;
				CLANG_WARN_OBJC_LITERAL_CONVERSION = YES;
				CLANG_WARN_OBJC_ROOT_CLASS = YES_ERROR;
				CLANG_WARN_QUOTED_INCLUDE_IN_FRAMEWORK_HEADER = YES;
				CLANG_WARN_RANGE_LOOP_ANALYSIS = YES;
				CLANG_WARN_STRICT_PROTOTYPES = YES;
				CLANG_WARN_SUSPICIOUS_MOVE = YES;
				CLANG_WARN_UNGUARDED_AVAILABILITY = YES_AGGRESSIVE;
				CLANG_WARN_UNREACHABLE_CODE = YES;
				CLANG_WARN__DUPLICATE_METHOD_MATCH = YES;
				COPY_PHASE_STRIP = NO;
				DEBUG_INFORMATION_FORMAT = "dwarf-with-dsym";
				ENABLE_NS_ASSERTIONS = NO;
				ENABLE_STRICT_OBJC_MSGSEND = YES;
				ENABLE_USER_SCRIPT_SANDBOXING = YES;
				GCC_C_LANGUAGE_STANDARD = gnu17;
				GCC_NO_COMMON_BLOCKS = YES;
				GCC_WARN_64_TO_32_BIT_CONVERSION = YES;
				GCC_WARN_ABOUT_RETURN_TYPE = YES_ERROR;
				GCC_WARN_UNDECLARED_SELECTOR = YES;
				GCC_WARN_UNINITIALIZED_AUTOS = YES_AGGRESSIVE;
				GCC_WARN_UNUSED_FUNCTION = YES;
				GCC_WARN_UNUSED_VARIABLE = YES;
				IPHONEOS_DEPLOYMENT_TARGET = 18.0;
				LOCALIZATION_PREFERS_STRING_CATALOGS = YES;
				MTL_ENABLE_DEBUG_INFO = NO;
				MTL_FAST_MATH = YES;
				SDKROOT = iphoneos;
				SWIFT_COMPILATION_MODE = wholemodule;
				VALIDATE_PRODUCT = YES;
			};
			name = Release;
		};
		AB1735B12CBB4AF0002E3B24 /* Debug */ = {
			isa = XCBuildConfiguration;
			buildSettings = {
				ASSETCATALOG_COMPILER_APPICON_NAME = AppIcon;
				ASSETCATALOG_COMPILER_GLOBAL_ACCENT_COLOR_NAME = AccentColor;
				CODE_SIGN_STYLE = Automatic;
				CURRENT_PROJECT_VERSION = 1;
				DEVELOPMENT_ASSET_PATHS = "\"FMProductList/Preview Content\"";
				DEVELOPMENT_TEAM = 25MBFXXLA7;
				ENABLE_PREVIEWS = YES;
				GENERATE_INFOPLIST_FILE = YES;
				INFOPLIST_FILE = FMProductList/Info.plist;
				INFOPLIST_KEY_UIApplicationSceneManifest_Generation = YES;
				INFOPLIST_KEY_UIApplicationSupportsIndirectInputEvents = YES;
				INFOPLIST_KEY_UILaunchScreen_Generation = YES;
				INFOPLIST_KEY_UISupportedInterfaceOrientations_iPad = "UIInterfaceOrientationPortrait UIInterfaceOrientationPortraitUpsideDown UIInterfaceOrientationLandscapeLeft UIInterfaceOrientationLandscapeRight";
				INFOPLIST_KEY_UISupportedInterfaceOrientations_iPhone = "UIInterfaceOrientationPortrait UIInterfaceOrientationLandscapeLeft UIInterfaceOrientationLandscapeRight";
				LD_RUNPATH_SEARCH_PATHS = (
					"$(inherited)",
					"@executable_path/Frameworks",
				);
				MARKETING_VERSION = 1.0;
				PRODUCT_BUNDLE_IDENTIFIER = com.rachelradford.FMProductList;
				PRODUCT_NAME = "$(TARGET_NAME)";
				SWIFT_EMIT_LOC_STRINGS = YES;
				SWIFT_VERSION = 5.0;
				TARGETED_DEVICE_FAMILY = "1,2";
			};
			name = Debug;
		};
		AB1735B22CBB4AF0002E3B24 /* Release */ = {
			isa = XCBuildConfiguration;
			buildSettings = {
				ASSETCATALOG_COMPILER_APPICON_NAME = AppIcon;
				ASSETCATALOG_COMPILER_GLOBAL_ACCENT_COLOR_NAME = AccentColor;
				CODE_SIGN_STYLE = Automatic;
				CURRENT_PROJECT_VERSION = 1;
				DEVELOPMENT_ASSET_PATHS = "\"FMProductList/Preview Content\"";
				DEVELOPMENT_TEAM = 25MBFXXLA7;
				ENABLE_PREVIEWS = YES;
				GENERATE_INFOPLIST_FILE = YES;
				INFOPLIST_FILE = FMProductList/Info.plist;
				INFOPLIST_KEY_UIApplicationSceneManifest_Generation = YES;
				INFOPLIST_KEY_UIApplicationSupportsIndirectInputEvents = YES;
				INFOPLIST_KEY_UILaunchScreen_Generation = YES;
				INFOPLIST_KEY_UISupportedInterfaceOrientations_iPad = "UIInterfaceOrientationPortrait UIInterfaceOrientationPortraitUpsideDown UIInterfaceOrientationLandscapeLeft UIInterfaceOrientationLandscapeRight";
				INFOPLIST_KEY_UISupportedInterfaceOrientations_iPhone = "UIInterfaceOrientationPortrait UIInterfaceOrientationLandscapeLeft UIInterfaceOrientationLandscapeRight";
				LD_RUNPATH_SEARCH_PATHS = (
					"$(inherited)",
					"@executable_path/Frameworks",
				);
				MARKETING_VERSION = 1.0;
				PRODUCT_BUNDLE_IDENTIFIER = com.rachelradford.FMProductList;
				PRODUCT_NAME = "$(TARGET_NAME)";
				SWIFT_EMIT_LOC_STRINGS = YES;
				SWIFT_VERSION = 5.0;
				TARGETED_DEVICE_FAMILY = "1,2";
			};
			name = Release;
		};
		AB1735B42CBB4AF0002E3B24 /* Debug */ = {
			isa = XCBuildConfiguration;
			buildSettings = {
				BUNDLE_LOADER = "$(TEST_HOST)";
				CODE_SIGN_STYLE = Automatic;
				CURRENT_PROJECT_VERSION = 1;
				DEVELOPMENT_TEAM = 25MBFXXLA7;
				GENERATE_INFOPLIST_FILE = YES;
				IPHONEOS_DEPLOYMENT_TARGET = 18.0;
				MARKETING_VERSION = 1.0;
				PRODUCT_BUNDLE_IDENTIFIER = com.rachelradford.FMProductListTests;
				PRODUCT_NAME = "$(TARGET_NAME)";
				SWIFT_EMIT_LOC_STRINGS = NO;
				SWIFT_VERSION = 5.0;
				TARGETED_DEVICE_FAMILY = "1,2";
				TEST_HOST = "$(BUILT_PRODUCTS_DIR)/FMProductList.app/$(BUNDLE_EXECUTABLE_FOLDER_PATH)/FMProductList";
			};
			name = Debug;
		};
		AB1735B52CBB4AF0002E3B24 /* Release */ = {
			isa = XCBuildConfiguration;
			buildSettings = {
				BUNDLE_LOADER = "$(TEST_HOST)";
				CODE_SIGN_STYLE = Automatic;
				CURRENT_PROJECT_VERSION = 1;
				DEVELOPMENT_TEAM = 25MBFXXLA7;
				GENERATE_INFOPLIST_FILE = YES;
				IPHONEOS_DEPLOYMENT_TARGET = 18.0;
				MARKETING_VERSION = 1.0;
				PRODUCT_BUNDLE_IDENTIFIER = com.rachelradford.FMProductListTests;
				PRODUCT_NAME = "$(TARGET_NAME)";
				SWIFT_EMIT_LOC_STRINGS = NO;
				SWIFT_VERSION = 5.0;
				TARGETED_DEVICE_FAMILY = "1,2";
				TEST_HOST = "$(BUILT_PRODUCTS_DIR)/FMProductList.app/$(BUNDLE_EXECUTABLE_FOLDER_PATH)/FMProductList";
			};
			name = Release;
		};
		AB1735B72CBB4AF0002E3B24 /* Debug */ = {
			isa = XCBuildConfiguration;
			buildSettings = {
				CODE_SIGN_STYLE = Automatic;
				CURRENT_PROJECT_VERSION = 1;
				DEVELOPMENT_TEAM = 25MBFXXLA7;
				GENERATE_INFOPLIST_FILE = YES;
				MARKETING_VERSION = 1.0;
				PRODUCT_BUNDLE_IDENTIFIER = com.rachelradford.FMProductListUITests;
				PRODUCT_NAME = "$(TARGET_NAME)";
				SWIFT_EMIT_LOC_STRINGS = NO;
				SWIFT_VERSION = 5.0;
				TARGETED_DEVICE_FAMILY = "1,2";
				TEST_TARGET_NAME = FMProductList;
			};
			name = Debug;
		};
		AB1735B82CBB4AF0002E3B24 /* Release */ = {
			isa = XCBuildConfiguration;
			buildSettings = {
				CODE_SIGN_STYLE = Automatic;
				CURRENT_PROJECT_VERSION = 1;
				DEVELOPMENT_TEAM = 25MBFXXLA7;
				GENERATE_INFOPLIST_FILE = YES;
				MARKETING_VERSION = 1.0;
				PRODUCT_BUNDLE_IDENTIFIER = com.rachelradford.FMProductListUITests;
				PRODUCT_NAME = "$(TARGET_NAME)";
				SWIFT_EMIT_LOC_STRINGS = NO;
				SWIFT_VERSION = 5.0;
				TARGETED_DEVICE_FAMILY = "1,2";
				TEST_TARGET_NAME = FMProductList;
			};
			name = Release;
		};
/* End XCBuildConfiguration section */

/* Begin XCConfigurationList section */
		AB1735872CBB4AEE002E3B24 /* Build configuration list for PBXProject "FMProductList" */ = {
			isa = XCConfigurationList;
			buildConfigurations = (
				AB1735AE2CBB4AF0002E3B24 /* Debug */,
				AB1735AF2CBB4AF0002E3B24 /* Release */,
			);
			defaultConfigurationIsVisible = 0;
			defaultConfigurationName = Release;
		};
		AB1735B02CBB4AF0002E3B24 /* Build configuration list for PBXNativeTarget "FMProductList" */ = {
			isa = XCConfigurationList;
			buildConfigurations = (
				AB1735B12CBB4AF0002E3B24 /* Debug */,
				AB1735B22CBB4AF0002E3B24 /* Release */,
			);
			defaultConfigurationIsVisible = 0;
			defaultConfigurationName = Release;
		};
		AB1735B32CBB4AF0002E3B24 /* Build configuration list for PBXNativeTarget "FMProductListTests" */ = {
			isa = XCConfigurationList;
			buildConfigurations = (
				AB1735B42CBB4AF0002E3B24 /* Debug */,
				AB1735B52CBB4AF0002E3B24 /* Release */,
			);
			defaultConfigurationIsVisible = 0;
			defaultConfigurationName = Release;
		};
		AB1735B62CBB4AF0002E3B24 /* Build configuration list for PBXNativeTarget "FMProductListUITests" */ = {
			isa = XCConfigurationList;
			buildConfigurations = (
				AB1735B72CBB4AF0002E3B24 /* Debug */,
				AB1735B82CBB4AF0002E3B24 /* Release */,
			);
			defaultConfigurationIsVisible = 0;
			defaultConfigurationName = Release;
		};
/* End XCConfigurationList section */
	};
	rootObject = AB1735842CBB4AEE002E3B24 /* Project object */;
}
